
Microsoft Visual Studio Solution File, Format Version 12.00
# Visual Studio Version 16
VisualStudioVersion = 16.0.29926.136
MinimumVisualStudioVersion = 10.0.40219.1
Project("{FAE04EC0-301F-11D3-BF4B-00C04F79EFBC}") = "Lab1", "Lab1\Lab1.csproj", "{2522B35A-CCB0-493D-8197-693563547B0B}"
EndProject
Global
	GlobalSection(SolutionConfigurationPlatforms) = preSolution
		Debug|Any CPU = Debug|Any CPU
		Release|Any CPU = Release|Any CPU
	EndGlobalSection
	GlobalSection(ProjectConfigurationPlatforms) = postSolution
		{2522B35A-CCB0-493D-8197-693563547B0B}.Debug|Any CPU.ActiveCfg = Debug|Any CPU
		{2522B35A-CCB0-493D-8197-693563547B0B}.Debug|Any CPU.Build.0 = Debug|Any CPU
		{2522B35A-CCB0-493D-8197-693563547B0B}.Release|Any CPU.ActiveCfg = Release|Any CPU
		{2522B35A-CCB0-493D-8197-693563547B0B}.Release|Any CPU.Build.0 = Release|Any CPU
	EndGlobalSection
	GlobalSection(SolutionProperties) = preSolution
		HideSolutionNode = FALSE
	EndGlobalSection
	GlobalSection(ExtensibilityGlobals) = postSolution
		SolutionGuid = {797CFF67-E104-4692-86A9-D2E33040130F}
	EndGlobalSection
EndGlobal
